
Microsoft Visual Studio Solution File, Format Version 12.00
# Visual Studio 15
VisualStudioVersion = 15.0.33919.361
MinimumVisualStudioVersion = 10.0.40219.1
Project("{FAE04EC0-301F-11D3-BF4B-00C04F79EFBC}") = "ThaiBaHung_0633", "ThaiBaHung_0633\ThaiBaHung_0633.csproj", "{33395C6A-CD8B-490B-9D57-FCD33B474776}"
EndProject
Global
	GlobalSection(SolutionConfigurationPlatforms) = preSolution
		Debug|Any CPU = Debug|Any CPU
		Release|Any CPU = Release|Any CPU
	EndGlobalSection
	GlobalSection(ProjectConfigurationPlatforms) = postSolution
		{33395C6A-CD8B-490B-9D57-FCD33B474776}.Debug|Any CPU.ActiveCfg = Debug|Any CPU
		{33395C6A-CD8B-490B-9D57-FCD33B474776}.Debug|Any CPU.Build.0 = Debug|Any CPU
		{33395C6A-CD8B-490B-9D57-FCD33B474776}.Release|Any CPU.ActiveCfg = Release|Any CPU
		{33395C6A-CD8B-490B-9D57-FCD33B474776}.Release|Any CPU.Build.0 = Release|Any CPU
	EndGlobalSection
	GlobalSection(SolutionProperties) = preSolution
		HideSolutionNode = FALSE
	EndGlobalSection
	GlobalSection(ExtensibilityGlobals) = postSolution
		SolutionGuid = {DB8B5F2B-5136-4222-AB90-CF1A88A2AA32}
	EndGlobalSection
EndGlobal
